
Microsoft Visual Studio Solution File, Format Version 12.00
# Visual Studio Version 17
VisualStudioVersion = 17.11.35219.272
MinimumVisualStudioVersion = 10.0.40219.1
Project("{FAE04EC0-301F-11D3-BF4B-00C04F79EFBC}") = "diplomaProject", "diplomaProject\diplomaProject.csproj", "{35E286A0-1B08-4CC9-ADE4-6BC88164F27F}"
EndProject
Global
	GlobalSection(SolutionConfigurationPlatforms) = preSolution
		Debug|Any CPU = Debug|Any CPU
		Release|Any CPU = Release|Any CPU
	EndGlobalSection
	GlobalSection(ProjectConfigurationPlatforms) = postSolution
		{35E286A0-1B08-4CC9-ADE4-6BC88164F27F}.Debug|Any CPU.ActiveCfg = Debug|Any CPU
		{35E286A0-1B08-4CC9-ADE4-6BC88164F27F}.Debug|Any CPU.Build.0 = Debug|Any CPU
		{35E286A0-1B08-4CC9-ADE4-6BC88164F27F}.Release|Any CPU.ActiveCfg = Release|Any CPU
		{35E286A0-1B08-4CC9-ADE4-6BC88164F27F}.Release|Any CPU.Build.0 = Release|Any CPU
	EndGlobalSection
	GlobalSection(SolutionProperties) = preSolution
		HideSolutionNode = FALSE
	EndGlobalSection
	GlobalSection(ExtensibilityGlobals) = postSolution
		SolutionGuid = {ABCA8B5A-3910-4194-98BA-104ADBED7010}
	EndGlobalSection
EndGlobal
